
Microsoft Visual Studio Solution File, Format Version 12.00
# Visual Studio Version 17
VisualStudioVersion = 17.14.36518.9
MinimumVisualStudioVersion = 10.0.40219.1
Project("{FAE04EC0-301F-11D3-BF4B-00C04F79EFBC}") = "Parametriz.AutoNFP.Api", "src\Parametriz.AutoNFP.Api\Parametriz.AutoNFP.Api.csproj", "{763CD1FE-7270-413F-A4D1-562E660D5910}"
EndProject
Project("{FAE04EC0-301F-11D3-BF4B-00C04F79EFBC}") = "Parametriz.AutoNFP.Data", "src\Parametriz.AutoNFP.Data\Parametriz.AutoNFP.Data.csproj", "{299F82E4-D3F1-4651-A97F-BC22DE5DE903}"
EndProject
Project("{FAE04EC0-301F-11D3-BF4B-00C04F79EFBC}") = "Parametriz.AutoNFP.Domain", "src\Parametriz.AutoNFP.Domain\Parametriz.AutoNFP.Domain.csproj", "{2F7B22DC-D754-4213-B2AE-1A344205362E}"
EndProject
Global
	GlobalSection(SolutionConfigurationPlatforms) = preSolution
		Debug|Any CPU = Debug|Any CPU
		Release|Any CPU = Release|Any CPU
	EndGlobalSection
	GlobalSection(ProjectConfigurationPlatforms) = postSolution
		{763CD1FE-7270-413F-A4D1-562E660D5910}.Debug|Any CPU.ActiveCfg = Debug|Any CPU
		{763CD1FE-7270-413F-A4D1-562E660D5910}.Debug|Any CPU.Build.0 = Debug|Any CPU
		{763CD1FE-7270-413F-A4D1-562E660D5910}.Release|Any CPU.ActiveCfg = Release|Any CPU
		{763CD1FE-7270-413F-A4D1-562E660D5910}.Release|Any CPU.Build.0 = Release|Any CPU
		{299F82E4-D3F1-4651-A97F-BC22DE5DE903}.Debug|Any CPU.ActiveCfg = Debug|Any CPU
		{299F82E4-D3F1-4651-A97F-BC22DE5DE903}.Debug|Any CPU.Build.0 = Debug|Any CPU
		{299F82E4-D3F1-4651-A97F-BC22DE5DE903}.Release|Any CPU.ActiveCfg = Release|Any CPU
		{299F82E4-D3F1-4651-A97F-BC22DE5DE903}.Release|Any CPU.Build.0 = Release|Any CPU
		{2F7B22DC-D754-4213-B2AE-1A344205362E}.Debug|Any CPU.ActiveCfg = Debug|Any CPU
		{2F7B22DC-D754-4213-B2AE-1A344205362E}.Debug|Any CPU.Build.0 = Debug|Any CPU
		{2F7B22DC-D754-4213-B2AE-1A344205362E}.Release|Any CPU.ActiveCfg = Release|Any CPU
		{2F7B22DC-D754-4213-B2AE-1A344205362E}.Release|Any CPU.Build.0 = Release|Any CPU
	EndGlobalSection
	GlobalSection(SolutionProperties) = preSolution
		HideSolutionNode = FALSE
	EndGlobalSection
	GlobalSection(ExtensibilityGlobals) = postSolution
		SolutionGuid = {394ADD31-28FB-45F6-88EA-CB926B0AC2BF}
	EndGlobalSection
EndGlobal
